
Microsoft Visual Studio Solution File, Format Version 12.00
# Visual Studio Version 17
VisualStudioVersion = 17.6.33712.159
MinimumVisualStudioVersion = 10.0.40219.1
Project("{FAE04EC0-301F-11D3-BF4B-00C04F79EFBC}") = "canexceldeneme", "canexceldeneme\canexceldeneme.csproj", "{6DB8F75F-2BF9-45ED-8C0F-EDD28B908A40}"
EndProject
Global
	GlobalSection(SolutionConfigurationPlatforms) = preSolution
		Debug|Any CPU = Debug|Any CPU
		Release|Any CPU = Release|Any CPU
	EndGlobalSection
	GlobalSection(ProjectConfigurationPlatforms) = postSolution
		{6DB8F75F-2BF9-45ED-8C0F-EDD28B908A40}.Debug|Any CPU.ActiveCfg = Debug|Any CPU
		{6DB8F75F-2BF9-45ED-8C0F-EDD28B908A40}.Debug|Any CPU.Build.0 = Debug|Any CPU
		{6DB8F75F-2BF9-45ED-8C0F-EDD28B908A40}.Release|Any CPU.ActiveCfg = Release|Any CPU
		{6DB8F75F-2BF9-45ED-8C0F-EDD28B908A40}.Release|Any CPU.Build.0 = Release|Any CPU
	EndGlobalSection
	GlobalSection(SolutionProperties) = preSolution
		HideSolutionNode = FALSE
	EndGlobalSection
	GlobalSection(ExtensibilityGlobals) = postSolution
		SolutionGuid = {10C52661-90C7-4F1B-BAAC-F6BC9F5D7779}
	EndGlobalSection
EndGlobal
